// !$*UTF8*$!
{
	archiveVersion = 1;
	classes = {
	};
	objectVersion = 46;
	objects = {

/* Begin PBXGroup section */
		17AA91E91A2B20DF0075FCC1 = {
			isa = PBXGroup;
			children = (
			);
			sourceTree = "<group>";
		};
/* End PBXGroup section */

/* Begin PBXProject section */
		17AA91EA1A2B20DF0075FCC1 /* Project object */ = {
			isa = PBXProject;
			attributes = {
				LastUpgradeCheck = 0610;
			};
			buildConfigurationList = 17AA91ED1A2B20DF0075FCC1 /* Build configuration list for PBXProject "循环" */;
			compatibilityVersion = "Xcode 3.2";
			developmentRegion = English;
			hasScannedForEncodings = 0;
			knownRegions = (
				en,
			);
			mainGroup = 17AA91E91A2B20DF0075FCC1;
			projectDirPath = "";
			projectRoot = "";
			targets = (
			);
		};
/* End PBXProject section */

/* Begin XCBuildConfiguration section */
		17AA91EE1A2B20DF0075FCC1 /* Debug */ = {
			isa = XCBuildConfiguration;
			buildSettings = {
			};
			name = Debug;
		};
		17AA91EF1A2B20DF0075FCC1 /* Release */ = {
			isa = XCBuildConfiguration;
			buildSettings = {
			};
			name = Release;
		};
/* End XCBuildConfiguration section */

/* Begin XCConfigurationList section */
		17AA91ED1A2B20DF0075FCC1 /* Build configuration list for PBXProject "循环" */ = {
			isa = XCConfigurationList;
			buildConfigurations = (
				17AA91EE1A2B20DF0075FCC1 /* Debug */,
				17AA91EF1A2B20DF0075FCC1 /* Release */,
			);
			defaultConfigurationIsVisible = 0;
			defaultConfigurationName = Release;
		};
/* End XCConfigurationList section */
	};
	rootObject = 17AA91EA1A2B20DF0075FCC1 /* Project object */;
}
