// !$*UTF8*$!
{
	archiveVersion = 1;
	classes = {
	};
	objectVersion = 46;
	objects = {

/* Begin PBXBuildFile section */
		174C13051A2C9D2000609725 /* main.m in Sources */ = {isa = PBXBuildFile; fileRef = 174C13041A2C9D2000609725 /* main.m */; };
		174C130D1A2C9F5500609725 /* game.m in Sources */ = {isa = PBXBuildFile; fileRef = 174C130C1A2C9F5500609725 /* game.m */; };
		174C13131A2CA30200609725 /* blizzard.m in Sources */ = {isa = PBXBuildFile; fileRef = 174C13121A2CA30200609725 /* blizzard.m */; };
/* End PBXBuildFile section */

/* Begin PBXCopyFilesBuildPhase section */
		174C12FF1A2C9D2000609725 /* CopyFiles */ = {
			isa = PBXCopyFilesBuildPhase;
			buildActionMask = 2147483647;
			dstPath = /usr/share/man/man1/;
			dstSubfolderSpec = 0;
			files = (
			);
			runOnlyForDeploymentPostprocessing = 1;
		};
/* End PBXCopyFilesBuildPhase section */

/* Begin PBXFileReference section */
		174C13011A2C9D2000609725 /* 类继承初始化便利构造器 */ = {isa = PBXFileReference; explicitFileType = "compiled.mach-o.executable"; includeInIndex = 0; path = "类继承初始化便利构造器"; sourceTree = BUILT_PRODUCTS_DIR; };
		174C13041A2C9D2000609725 /* main.m */ = {isa = PBXFileReference; lastKnownFileType = sourcecode.c.objc; path = main.m; sourceTree = "<group>"; };
		174C130B1A2C9F2B00609725 /* game.h */ = {isa = PBXFileReference; fileEncoding = 4; lastKnownFileType = sourcecode.c.h; path = game.h; sourceTree = "<group>"; };
		174C130C1A2C9F5500609725 /* game.m */ = {isa = PBXFileReference; fileEncoding = 4; lastKnownFileType = sourcecode.c.objc; path = game.m; sourceTree = "<group>"; };
		174C130E1A2CA27600609725 /* blizzard.h */ = {isa = PBXFileReference; fileEncoding = 4; lastKnownFileType = sourcecode.c.h; path = blizzard.h; sourceTree = "<group>"; };
		174C13121A2CA30200609725 /* blizzard.m */ = {isa = PBXFileReference; fileEncoding = 4; lastKnownFileType = sourcecode.c.objc; path = blizzard.m; sourceTree = "<group>"; };
/* End PBXFileReference section */

/* Begin PBXFrameworksBuildPhase section */
		174C12FE1A2C9D2000609725 /* Frameworks */ = {
			isa = PBXFrameworksBuildPhase;
			buildActionMask = 2147483647;
			files = (
			);
			runOnlyForDeploymentPostprocessing = 0;
		};
/* End PBXFrameworksBuildPhase section */

/* Begin PBXGroup section */
		174C12F81A2C9D2000609725 = {
			isa = PBXGroup;
			children = (
				174C13031A2C9D2000609725 /* 类继承初始化便利构造器 */,
				174C13021A2C9D2000609725 /* Products */,
			);
			sourceTree = "<group>";
		};
		174C13021A2C9D2000609725 /* Products */ = {
			isa = PBXGroup;
			children = (
				174C13011A2C9D2000609725 /* 类继承初始化便利构造器 */,
			);
			name = Products;
			sourceTree = "<group>";
		};
		174C13031A2C9D2000609725 /* 类继承初始化便利构造器 */ = {
			isa = PBXGroup;
			children = (
				174C13041A2C9D2000609725 /* main.m */,
				174C130B1A2C9F2B00609725 /* game.h */,
				174C130C1A2C9F5500609725 /* game.m */,
				174C130E1A2CA27600609725 /* blizzard.h */,
				174C13121A2CA30200609725 /* blizzard.m */,
			);
			path = "类继承初始化便利构造器";
			sourceTree = "<group>";
		};
/* End PBXGroup section */

/* Begin PBXNativeTarget section */
		174C13001A2C9D2000609725 /* 类继承初始化便利构造器 */ = {
			isa = PBXNativeTarget;
			buildConfigurationList = 174C13081A2C9D2000609725 /* Build configuration list for PBXNativeTarget "类继承初始化便利构造器" */;
			buildPhases = (
				174C12FD1A2C9D2000609725 /* Sources */,
				174C12FE1A2C9D2000609725 /* Frameworks */,
				174C12FF1A2C9D2000609725 /* CopyFiles */,
			);
			buildRules = (
			);
			dependencies = (
			);
			name = "类继承初始化便利构造器";
			productName = "类继承初始化便利构造器";
			productReference = 174C13011A2C9D2000609725 /* 类继承初始化便利构造器 */;
			productType = "com.apple.product-type.tool";
		};
/* End PBXNativeTarget section */

/* Begin PBXProject section */
		174C12F91A2C9D2000609725 /* Project object */ = {
			isa = PBXProject;
			attributes = {
				LastUpgradeCheck = 0610;
				ORGANIZATIONNAME = xiangwenwen;
				TargetAttributes = {
					174C13001A2C9D2000609725 = {
						CreatedOnToolsVersion = 6.1;
					};
				};
			};
			buildConfigurationList = 174C12FC1A2C9D2000609725 /* Build configuration list for PBXProject "类继承初始化便利构造器" */;
			compatibilityVersion = "Xcode 3.2";
			developmentRegion = English;
			hasScannedForEncodings = 0;
			knownRegions = (
				en,
			);
			mainGroup = 174C12F81A2C9D2000609725;
			productRefGroup = 174C13021A2C9D2000609725 /* Products */;
			projectDirPath = "";
			projectRoot = "";
			targets = (
				174C13001A2C9D2000609725 /* 类继承初始化便利构造器 */,
			);
		};
/* End PBXProject section */

/* Begin PBXSourcesBuildPhase section */
		174C12FD1A2C9D2000609725 /* Sources */ = {
			isa = PBXSourcesBuildPhase;
			buildActionMask = 2147483647;
			files = (
				174C13131A2CA30200609725 /* blizzard.m in Sources */,
				174C13051A2C9D2000609725 /* main.m in Sources */,
				174C130D1A2C9F5500609725 /* game.m in Sources */,
			);
			runOnlyForDeploymentPostprocessing = 0;
		};
/* End PBXSourcesBuildPhase section */

/* Begin XCBuildConfiguration section */
		174C13061A2C9D2000609725 /* Debug */ = {
			isa = XCBuildConfiguration;
			buildSettings = {
				ALWAYS_SEARCH_USER_PATHS = NO;
				CLANG_CXX_LANGUAGE_STANDARD = "gnu++0x";
				CLANG_CXX_LIBRARY = "libc++";
				CLANG_ENABLE_MODULES = YES;
				CLANG_ENABLE_OBJC_ARC = YES;
				CLANG_WARN_BOOL_CONVERSION = YES;
				CLANG_WARN_CONSTANT_CONVERSION = YES;
				CLANG_WARN_DIRECT_OBJC_ISA_USAGE = YES_ERROR;
				CLANG_WARN_EMPTY_BODY = YES;
				CLANG_WARN_ENUM_CONVERSION = YES;
				CLANG_WARN_INT_CONVERSION = YES;
				CLANG_WARN_OBJC_ROOT_CLASS = YES_ERROR;
				CLANG_WARN_UNREACHABLE_CODE = YES;
				CLANG_WARN__DUPLICATE_METHOD_MATCH = YES;
				COPY_PHASE_STRIP = NO;
				ENABLE_STRICT_OBJC_MSGSEND = YES;
				GCC_C_LANGUAGE_STANDARD = gnu99;
				GCC_DYNAMIC_NO_PIC = NO;
				GCC_OPTIMIZATION_LEVEL = 0;
				GCC_PREPROCESSOR_DEFINITIONS = (
					"DEBUG=1",
					"$(inherited)",
				);
				GCC_SYMBOLS_PRIVATE_EXTERN = NO;
				GCC_WARN_64_TO_32_BIT_CONVERSION = YES;
				GCC_WARN_ABOUT_RETURN_TYPE = YES_ERROR;
				GCC_WARN_UNDECLARED_SELECTOR = YES;
				GCC_WARN_UNINITIALIZED_AUTOS = YES_AGGRESSIVE;
				GCC_WARN_UNUSED_FUNCTION = YES;
				GCC_WARN_UNUSED_VARIABLE = YES;
				MACOSX_DEPLOYMENT_TARGET = 10.10;
				MTL_ENABLE_DEBUG_INFO = YES;
				ONLY_ACTIVE_ARCH = YES;
				SDKROOT = macosx;
			};
			name = Debug;
		};
		174C13071A2C9D2000609725 /* Release */ = {
			isa = XCBuildConfiguration;
			buildSettings = {
				ALWAYS_SEARCH_USER_PATHS = NO;
				CLANG_CXX_LANGUAGE_STANDARD = "gnu++0x";
				CLANG_CXX_LIBRARY = "libc++";
				CLANG_ENABLE_MODULES = YES;
				CLANG_ENABLE_OBJC_ARC = YES;
				CLANG_WARN_BOOL_CONVERSION = YES;
				CLANG_WARN_CONSTANT_CONVERSION = YES;
				CLANG_WARN_DIRECT_OBJC_ISA_USAGE = YES_ERROR;
				CLANG_WARN_EMPTY_BODY = YES;
				CLANG_WARN_ENUM_CONVERSION = YES;
				CLANG_WARN_INT_CONVERSION = YES;
				CLANG_WARN_OBJC_ROOT_CLASS = YES_ERROR;
				CLANG_WARN_UNREACHABLE_CODE = YES;
				CLANG_WARN__DUPLICATE_METHOD_MATCH = YES;
				COPY_PHASE_STRIP = YES;
				DEBUG_INFORMATION_FORMAT = "dwarf-with-dsym";
				ENABLE_NS_ASSERTIONS = NO;
				ENABLE_STRICT_OBJC_MSGSEND = YES;
				GCC_C_LANGUAGE_STANDARD = gnu99;
				GCC_WARN_64_TO_32_BIT_CONVERSION = YES;
				GCC_WARN_ABOUT_RETURN_TYPE = YES_ERROR;
				GCC_WARN_UNDECLARED_SELECTOR = YES;
				GCC_WARN_UNINITIALIZED_AUTOS = YES_AGGRESSIVE;
				GCC_WARN_UNUSED_FUNCTION = YES;
				GCC_WARN_UNUSED_VARIABLE = YES;
				MACOSX_DEPLOYMENT_TARGET = 10.10;
				MTL_ENABLE_DEBUG_INFO = NO;
				SDKROOT = macosx;
			};
			name = Release;
		};
		174C13091A2C9D2000609725 /* Debug */ = {
			isa = XCBuildConfiguration;
			buildSettings = {
				PRODUCT_NAME = "$(TARGET_NAME)";
			};
			name = Debug;
		};
		174C130A1A2C9D2000609725 /* Release */ = {
			isa = XCBuildConfiguration;
			buildSettings = {
				PRODUCT_NAME = "$(TARGET_NAME)";
			};
			name = Release;
		};
/* End XCBuildConfiguration section */

/* Begin XCConfigurationList section */
		174C12FC1A2C9D2000609725 /* Build configuration list for PBXProject "类继承初始化便利构造器" */ = {
			isa = XCConfigurationList;
			buildConfigurations = (
				174C13061A2C9D2000609725 /* Debug */,
				174C13071A2C9D2000609725 /* Release */,
			);
			defaultConfigurationIsVisible = 0;
			defaultConfigurationName = Release;
		};
		174C13081A2C9D2000609725 /* Build configuration list for PBXNativeTarget "类继承初始化便利构造器" */ = {
			isa = XCConfigurationList;
			buildConfigurations = (
				174C13091A2C9D2000609725 /* Debug */,
				174C130A1A2C9D2000609725 /* Release */,
			);
			defaultConfigurationIsVisible = 0;
		};
/* End XCConfigurationList section */
	};
	rootObject = 174C12F91A2C9D2000609725 /* Project object */;
}
