// !$*UTF8*$!
{
	archiveVersion = 1;
	classes = {
	};
	objectVersion = 46;
	objects = {

/* Begin PBXBuildFile section */
		179564A01A2E055A004F92F2 /* main.c in Sources */ = {isa = PBXBuildFile; fileRef = 1795649F1A2E055A004F92F2 /* main.c */; };
		179564A81A2E05C2004F92F2 /* ctrloutput.c in Sources */ = {isa = PBXBuildFile; fileRef = 179564A71A2E05C2004F92F2 /* ctrloutput.c */; };
/* End PBXBuildFile section */

/* Begin PBXCopyFilesBuildPhase section */
		1795649A1A2E055A004F92F2 /* CopyFiles */ = {
			isa = PBXCopyFilesBuildPhase;
			buildActionMask = 2147483647;
			dstPath = /usr/share/man/man1/;
			dstSubfolderSpec = 0;
			files = (
			);
			runOnlyForDeploymentPostprocessing = 1;
		};
/* End PBXCopyFilesBuildPhase section */

/* Begin PBXFileReference section */
		1795649C1A2E055A004F92F2 /* c */ = {isa = PBXFileReference; explicitFileType = "compiled.mach-o.executable"; includeInIndex = 0; path = c; sourceTree = BUILT_PRODUCTS_DIR; };
		1795649F1A2E055A004F92F2 /* main.c */ = {isa = PBXFileReference; lastKnownFileType = sourcecode.c.c; path = main.c; sourceTree = "<group>"; };
		179564A61A2E0596004F92F2 /* ctrloutput.h */ = {isa = PBXFileReference; fileEncoding = 4; lastKnownFileType = sourcecode.c.h; path = ctrloutput.h; sourceTree = "<group>"; };
		179564A71A2E05C2004F92F2 /* ctrloutput.c */ = {isa = PBXFileReference; fileEncoding = 4; lastKnownFileType = sourcecode.c.c; path = ctrloutput.c; sourceTree = "<group>"; };
/* End PBXFileReference section */

/* Begin PBXFrameworksBuildPhase section */
		179564991A2E055A004F92F2 /* Frameworks */ = {
			isa = PBXFrameworksBuildPhase;
			buildActionMask = 2147483647;
			files = (
			);
			runOnlyForDeploymentPostprocessing = 0;
		};
/* End PBXFrameworksBuildPhase section */

/* Begin PBXGroup section */
		179564931A2E055A004F92F2 = {
			isa = PBXGroup;
			children = (
				1795649E1A2E055A004F92F2 /* c */,
				1795649D1A2E055A004F92F2 /* Products */,
			);
			sourceTree = "<group>";
		};
		1795649D1A2E055A004F92F2 /* Products */ = {
			isa = PBXGroup;
			children = (
				1795649C1A2E055A004F92F2 /* c */,
			);
			name = Products;
			sourceTree = "<group>";
		};
		1795649E1A2E055A004F92F2 /* c */ = {
			isa = PBXGroup;
			children = (
				1795649F1A2E055A004F92F2 /* main.c */,
				179564A61A2E0596004F92F2 /* ctrloutput.h */,
				179564A71A2E05C2004F92F2 /* ctrloutput.c */,
			);
			path = c;
			sourceTree = "<group>";
		};
/* End PBXGroup section */

/* Begin PBXNativeTarget section */
		1795649B1A2E055A004F92F2 /* c */ = {
			isa = PBXNativeTarget;
			buildConfigurationList = 179564A31A2E055A004F92F2 /* Build configuration list for PBXNativeTarget "c" */;
			buildPhases = (
				179564981A2E055A004F92F2 /* Sources */,
				179564991A2E055A004F92F2 /* Frameworks */,
				1795649A1A2E055A004F92F2 /* CopyFiles */,
			);
			buildRules = (
			);
			dependencies = (
			);
			name = c;
			productName = c;
			productReference = 1795649C1A2E055A004F92F2 /* c */;
			productType = "com.apple.product-type.tool";
		};
/* End PBXNativeTarget section */

/* Begin PBXProject section */
		179564941A2E055A004F92F2 /* Project object */ = {
			isa = PBXProject;
			attributes = {
				LastUpgradeCheck = 0610;
				ORGANIZATIONNAME = xiangwenwen;
				TargetAttributes = {
					1795649B1A2E055A004F92F2 = {
						CreatedOnToolsVersion = 6.1;
					};
				};
			};
			buildConfigurationList = 179564971A2E055A004F92F2 /* Build configuration list for PBXProject "c" */;
			compatibilityVersion = "Xcode 3.2";
			developmentRegion = English;
			hasScannedForEncodings = 0;
			knownRegions = (
				en,
			);
			mainGroup = 179564931A2E055A004F92F2;
			productRefGroup = 1795649D1A2E055A004F92F2 /* Products */;
			projectDirPath = "";
			projectRoot = "";
			targets = (
				1795649B1A2E055A004F92F2 /* c */,
			);
		};
/* End PBXProject section */

/* Begin PBXSourcesBuildPhase section */
		179564981A2E055A004F92F2 /* Sources */ = {
			isa = PBXSourcesBuildPhase;
			buildActionMask = 2147483647;
			files = (
				179564A01A2E055A004F92F2 /* main.c in Sources */,
				179564A81A2E05C2004F92F2 /* ctrloutput.c in Sources */,
			);
			runOnlyForDeploymentPostprocessing = 0;
		};
/* End PBXSourcesBuildPhase section */

/* Begin XCBuildConfiguration section */
		179564A11A2E055A004F92F2 /* Debug */ = {
			isa = XCBuildConfiguration;
			buildSettings = {
				ALWAYS_SEARCH_USER_PATHS = NO;
				CLANG_CXX_LANGUAGE_STANDARD = "gnu++0x";
				CLANG_CXX_LIBRARY = "libc++";
				CLANG_ENABLE_MODULES = YES;
				CLANG_ENABLE_OBJC_ARC = YES;
				CLANG_WARN_BOOL_CONVERSION = YES;
				CLANG_WARN_CONSTANT_CONVERSION = YES;
				CLANG_WARN_DIRECT_OBJC_ISA_USAGE = YES_ERROR;
				CLANG_WARN_EMPTY_BODY = YES;
				CLANG_WARN_ENUM_CONVERSION = YES;
				CLANG_WARN_INT_CONVERSION = YES;
				CLANG_WARN_OBJC_ROOT_CLASS = YES_ERROR;
				CLANG_WARN_UNREACHABLE_CODE = YES;
				CLANG_WARN__DUPLICATE_METHOD_MATCH = YES;
				COPY_PHASE_STRIP = NO;
				ENABLE_STRICT_OBJC_MSGSEND = YES;
				GCC_C_LANGUAGE_STANDARD = gnu99;
				GCC_DYNAMIC_NO_PIC = NO;
				GCC_OPTIMIZATION_LEVEL = 0;
				GCC_PREPROCESSOR_DEFINITIONS = (
					"DEBUG=1",
					"$(inherited)",
				);
				GCC_SYMBOLS_PRIVATE_EXTERN = NO;
				GCC_WARN_64_TO_32_BIT_CONVERSION = YES;
				GCC_WARN_ABOUT_RETURN_TYPE = YES_ERROR;
				GCC_WARN_UNDECLARED_SELECTOR = YES;
				GCC_WARN_UNINITIALIZED_AUTOS = YES_AGGRESSIVE;
				GCC_WARN_UNUSED_FUNCTION = YES;
				GCC_WARN_UNUSED_VARIABLE = YES;
				MACOSX_DEPLOYMENT_TARGET = 10.10;
				MTL_ENABLE_DEBUG_INFO = YES;
				ONLY_ACTIVE_ARCH = YES;
				SDKROOT = macosx;
			};
			name = Debug;
		};
		179564A21A2E055A004F92F2 /* Release */ = {
			isa = XCBuildConfiguration;
			buildSettings = {
				ALWAYS_SEARCH_USER_PATHS = NO;
				CLANG_CXX_LANGUAGE_STANDARD = "gnu++0x";
				CLANG_CXX_LIBRARY = "libc++";
				CLANG_ENABLE_MODULES = YES;
				CLANG_ENABLE_OBJC_ARC = YES;
				CLANG_WARN_BOOL_CONVERSION = YES;
				CLANG_WARN_CONSTANT_CONVERSION = YES;
				CLANG_WARN_DIRECT_OBJC_ISA_USAGE = YES_ERROR;
				CLANG_WARN_EMPTY_BODY = YES;
				CLANG_WARN_ENUM_CONVERSION = YES;
				CLANG_WARN_INT_CONVERSION = YES;
				CLANG_WARN_OBJC_ROOT_CLASS = YES_ERROR;
				CLANG_WARN_UNREACHABLE_CODE = YES;
				CLANG_WARN__DUPLICATE_METHOD_MATCH = YES;
				COPY_PHASE_STRIP = YES;
				DEBUG_INFORMATION_FORMAT = "dwarf-with-dsym";
				ENABLE_NS_ASSERTIONS = NO;
				ENABLE_STRICT_OBJC_MSGSEND = YES;
				GCC_C_LANGUAGE_STANDARD = gnu99;
				GCC_WARN_64_TO_32_BIT_CONVERSION = YES;
				GCC_WARN_ABOUT_RETURN_TYPE = YES_ERROR;
				GCC_WARN_UNDECLARED_SELECTOR = YES;
				GCC_WARN_UNINITIALIZED_AUTOS = YES_AGGRESSIVE;
				GCC_WARN_UNUSED_FUNCTION = YES;
				GCC_WARN_UNUSED_VARIABLE = YES;
				MACOSX_DEPLOYMENT_TARGET = 10.10;
				MTL_ENABLE_DEBUG_INFO = NO;
				SDKROOT = macosx;
			};
			name = Release;
		};
		179564A41A2E055A004F92F2 /* Debug */ = {
			isa = XCBuildConfiguration;
			buildSettings = {
				PRODUCT_NAME = "$(TARGET_NAME)";
			};
			name = Debug;
		};
		179564A51A2E055A004F92F2 /* Release */ = {
			isa = XCBuildConfiguration;
			buildSettings = {
				PRODUCT_NAME = "$(TARGET_NAME)";
			};
			name = Release;
		};
/* End XCBuildConfiguration section */

/* Begin XCConfigurationList section */
		179564971A2E055A004F92F2 /* Build configuration list for PBXProject "c" */ = {
			isa = XCConfigurationList;
			buildConfigurations = (
				179564A11A2E055A004F92F2 /* Debug */,
				179564A21A2E055A004F92F2 /* Release */,
			);
			defaultConfigurationIsVisible = 0;
			defaultConfigurationName = Release;
		};
		179564A31A2E055A004F92F2 /* Build configuration list for PBXNativeTarget "c" */ = {
			isa = XCConfigurationList;
			buildConfigurations = (
				179564A41A2E055A004F92F2 /* Debug */,
				179564A51A2E055A004F92F2 /* Release */,
			);
			defaultConfigurationIsVisible = 0;
		};
/* End XCConfigurationList section */
	};
	rootObject = 179564941A2E055A004F92F2 /* Project object */;
}
